<?xml version="1.0" encoding="utf-8"?>
<Project ToolsVersion="4.0" xmlns="http://schemas.microsoft.com/developer/msbuild/2003">
  <ItemGroup>
    <Filter Include="Source Files">
      <UniqueIdentifier>{4FC737F1-C7A5-4376-A066-2A32D752A2FF}</UniqueIdentifier>
      <Extensions>cpp;c;cc;cxx;def;odl;idl;hpj;bat;asm;asmx</Extensions>
    </Filter>
    <Filter Include="Header Files">
      <UniqueIdentifier>{93995380-89BD-4b04-88EB-625FBE52EBFB}</UniqueIdentifier>
      <Extensions>h;hh;hpp;hxx;hm;inl;inc;ipp;xsd</Extensions>
    </Filter>
    <Filter Include="Resource Files">
      <UniqueIdentifier>{67DA6AB6-F800-4c08-8B7A-83BB121AAD01}</UniqueIdentifier>
      <Extensions>rc;ico;cur;bmp;dlg;rc2;rct;bin;rgs;gif;jpg;jpeg;jpe;resx;tiff;tif;png;wav;mfcribbon-ms</Extensions>
    </Filter>
    <Filter Include="Header Files\input">
      <UniqueIdentifier>{15f35a7b-4635-4460-8df9-19e11c382cb0}</UniqueIdentifier>
    </Filter>
    <Filter Include="Source Files\input">
      <UniqueIdentifier>{040bd616-21e0-4c5f-a420-b9849d0d38c1}</UniqueIdentifier>
    </Filter>
    <Filter Include="Header Files\math">
      <UniqueIdentifier>{4a4f0f85-8a79-4ec4-a300-b6a404563464}</UniqueIdentifier>
    </Filter>
    <Filter Include="Source Files\math">
      <UniqueIdentifier>{4972b28e-9adb-4efb-be29-cd805db0ec64}</UniqueIdentifier>
    </Filter>
    <Filter Include="Header Files\utilities">
      <UniqueIdentifier>{b7977079-274a-4e02-9443-4ee967c68fef}</UniqueIdentifier>
    </Filter>
    <Filter Include="Source Files\utilities">
      <UniqueIdentifier>{59a8d25d-0aaf-4228-9436-a701d5b3c1ec}</UniqueIdentifier>
    </Filter>
    <Filter Include="Header Files\deleters">
      <UniqueIdentifier>{76a1ed4f-b71e-4ee1-8c1e-a2d6e0559b1a}</UniqueIdentifier>
    </Filter>
    <Filter Include="Header Files\graphics">
      <UniqueIdentifier>{fb491c40-8efc-4c37-9576-8f4228e5adec}</UniqueIdentifier>
    </Filter>
    <Filter Include="Source Files\graphics">
      <UniqueIdentifier>{fd08e808-30d8-46b3-b4d1-570e0159b521}</UniqueIdentifier>
    </Filter>
    <Filter Include="Source Files\deleters">
      <UniqueIdentifier>{7c8fb7e2-929b-4e10-b0b4-4e3f30575f56}</UniqueIdentifier>
    </Filter>
  </ItemGroup>
  <ItemGroup>
    <ClCompile Include="src\main.cpp">
      <Filter>Source Files</Filter>
    </ClCompile>
    <ClCompile Include="src\stdafx.cpp">
      <Filter>Source Files</Filter>
    </ClCompile>
    <ClCompile Include="src\Game.cpp">
      <Filter>Source Files</Filter>
    </ClCompile>
    <ClCompile Include="src\input\Mousehandler.cpp">
      <Filter>Source Files\input</Filter>
    </ClCompile>
    <ClCompile Include="src\input\Keyhandler.cpp">
      <Filter>Source Files\input</Filter>
    </ClCompile>
    <ClCompile Include="src\math\Math.cpp">
      <Filter>Source Files\math</Filter>
    </ClCompile>
    <ClCompile Include="src\math\Vector2.cpp">
      <Filter>Source Files\math</Filter>
    </ClCompile>
    <ClCompile Include="src\utilities\cute_c2.cpp">
      <Filter>Source Files\utilities</Filter>
    </ClCompile>
    <ClCompile Include="src\utilities\Time.cpp">
      <Filter>Source Files\utilities</Filter>
    </ClCompile>
    <ClCompile Include="src\utilities\Console.cpp">
      <Filter>Source Files\utilities</Filter>
    </ClCompile>
    <ClCompile Include="src\graphics\Window.cpp">
      <Filter>Source Files\graphics</Filter>
    </ClCompile>
    <ClCompile Include="src\deleters\SdlDeleter.cpp">
      <Filter>Source Files\deleters</Filter>
    </ClCompile>
  </ItemGroup>
  <ItemGroup>
    <ClInclude Include="src\stdafx.h">
      <Filter>Header Files</Filter>
    </ClInclude>
    <ClInclude Include="src\Game.h">
      <Filter>Header Files</Filter>
    </ClInclude>
    <ClInclude Include="src\input\Keyhandler.h">
      <Filter>Header Files\input</Filter>
    </ClInclude>
    <ClInclude Include="src\input\Mousehandler.h">
      <Filter>Header Files\input</Filter>
    </ClInclude>
    <ClInclude Include="src\math\Vector2.h">
      <Filter>Header Files\math</Filter>
    </ClInclude>
    <ClInclude Include="src\math\Math.h">
      <Filter>Header Files\math</Filter>
    </ClInclude>
    <ClInclude Include="src\utilities\Time.h">
      <Filter>Header Files\utilities</Filter>
    </ClInclude>
    <ClInclude Include="src\utilities\cute_c2.h">
      <Filter>Header Files\utilities</Filter>
    </ClInclude>
    <ClInclude Include="src\utilities\Console.h">
      <Filter>Header Files\utilities</Filter>
    </ClInclude>
    <ClInclude Include="src\graphics\Window.h">
      <Filter>Header Files\graphics</Filter>
    </ClInclude>
    <ClInclude Include="src\deleters\SdlDeleter.h">
      <Filter>Header Files\deleters</Filter>
    </ClInclude>
  </ItemGroup>
  <ItemGroup>
    <None Include="res\.gitkeep">
      <Filter>Resource Files</Filter>
    </None>
  </ItemGroup>
</Project>