<?xml version="1.0" encoding="utf-8"?>
<Project ToolsVersion="4.0" xmlns="http://schemas.microsoft.com/developer/msbuild/2003">
  <ItemGroup>
    <Filter Include="Source Files">
      <UniqueIdentifier>{4FC737F1-C7A5-4376-A066-2A32D752A2FF}</UniqueIdentifier>
      <Extensions>cpp;c;cc;cxx;def;odl;idl;hpj;bat;asm;asmx</Extensions>
    </Filter>
    <Filter Include="Header Files">
      <UniqueIdentifier>{93995380-89BD-4b04-88EB-625FBE52EBFB}</UniqueIdentifier>
      <Extensions>h;hh;hpp;hxx;hm;inl;inc;ipp;xsd</Extensions>
    </Filter>
    <Filter Include="Header Files\input">
      <UniqueIdentifier>{15f35a7b-4635-4460-8df9-19e11c382cb0}</UniqueIdentifier>
    </Filter>
    <Filter Include="Source Files\input">
      <UniqueIdentifier>{040bd616-21e0-4c5f-a420-b9849d0d38c1}</UniqueIdentifier>
    </Filter>
    <Filter Include="Header Files\math">
      <UniqueIdentifier>{4a4f0f85-8a79-4ec4-a300-b6a404563464}</UniqueIdentifier>
    </Filter>
    <Filter Include="Source Files\math">
      <UniqueIdentifier>{4972b28e-9adb-4efb-be29-cd805db0ec64}</UniqueIdentifier>
    </Filter>
    <Filter Include="Header Files\utilities">
      <UniqueIdentifier>{b7977079-274a-4e02-9443-4ee967c68fef}</UniqueIdentifier>
    </Filter>
    <Filter Include="Source Files\utilities">
      <UniqueIdentifier>{59a8d25d-0aaf-4228-9436-a701d5b3c1ec}</UniqueIdentifier>
    </Filter>
    <Filter Include="Header Files\deleters">
      <UniqueIdentifier>{76a1ed4f-b71e-4ee1-8c1e-a2d6e0559b1a}</UniqueIdentifier>
    </Filter>
    <Filter Include="Header Files\graphics">
      <UniqueIdentifier>{fb491c40-8efc-4c37-9576-8f4228e5adec}</UniqueIdentifier>
    </Filter>
    <Filter Include="Source Files\graphics">
      <UniqueIdentifier>{fd08e808-30d8-46b3-b4d1-570e0159b521}</UniqueIdentifier>
    </Filter>
    <Filter Include="Source Files\deleters">
      <UniqueIdentifier>{7c8fb7e2-929b-4e10-b0b4-4e3f30575f56}</UniqueIdentifier>
    </Filter>
    <Filter Include="Header Files\systems">
      <UniqueIdentifier>{e83fc816-cfc7-473d-913e-cb570ca590af}</UniqueIdentifier>
    </Filter>
    <Filter Include="Source Files\systems">
      <UniqueIdentifier>{9bb6db79-3a89-479e-bab5-775f3475bd8b}</UniqueIdentifier>
    </Filter>
    <Filter Include="Header Files\components">
      <UniqueIdentifier>{88497458-c991-470c-9edd-01d54b07ec48}</UniqueIdentifier>
    </Filter>
    <Filter Include="Source Files\components">
      <UniqueIdentifier>{0b8f7bcd-bf11-4985-9fbb-5f74f6d3a7b3}</UniqueIdentifier>
    </Filter>
    <Filter Include="Header Files\factories">
      <UniqueIdentifier>{dd707211-ded3-42e1-afe6-b5d0681026ee}</UniqueIdentifier>
    </Filter>
    <Filter Include="Source Files\factories">
      <UniqueIdentifier>{06b18961-4100-485b-8e2a-1ceccdcd6819}</UniqueIdentifier>
    </Filter>
    <Filter Include="Header Files\commands">
      <UniqueIdentifier>{0e6b6e07-d7d6-4b5f-adde-cf0afdb05bd2}</UniqueIdentifier>
    </Filter>
    <Filter Include="Source Files\commands">
      <UniqueIdentifier>{da3f0fb7-0b59-4fdb-b5d1-7d21c4c42136}</UniqueIdentifier>
    </Filter>
    <Filter Include="Header Files\fsm">
      <UniqueIdentifier>{5d1b9ecb-904c-4590-aca2-9a07c78b2aef}</UniqueIdentifier>
    </Filter>
    <Filter Include="Source Files\fsm">
      <UniqueIdentifier>{5bedb84e-4cf5-4904-8885-51c2195d0dd3}</UniqueIdentifier>
    </Filter>
    <Filter Include="Header Files\fsm\states">
      <UniqueIdentifier>{5f31b855-419c-46a0-9583-5a0d7b34d9a1}</UniqueIdentifier>
    </Filter>
    <Filter Include="Source Files\fsm\states">
      <UniqueIdentifier>{e89bc110-9a05-44c2-8df5-15659dd6de31}</UniqueIdentifier>
    </Filter>
    <Filter Include="Header Files\scenes">
      <UniqueIdentifier>{f8f55e1e-a50c-4215-bd94-32017a15a9f5}</UniqueIdentifier>
    </Filter>
    <Filter Include="Source Files\scenes">
      <UniqueIdentifier>{aec3a802-59af-47f9-b68e-8254dc367904}</UniqueIdentifier>
    </Filter>
    <Filter Include="Header Files\factories\scenes">
      <UniqueIdentifier>{9f0134dc-34a7-4868-b6a6-1b648da06bad}</UniqueIdentifier>
    </Filter>
    <Filter Include="Source Files\factories\scenes">
      <UniqueIdentifier>{4040404d-a35e-49a7-b901-3721d0326b1e}</UniqueIdentifier>
    </Filter>
    <Filter Include="Header Files\singletons">
      <UniqueIdentifier>{6ea302cd-4459-43bd-903d-f0eb039e6cfe}</UniqueIdentifier>
    </Filter>
    <Filter Include="Source Files\singletons">
      <UniqueIdentifier>{091535f0-6e98-4046-9ce9-b5f7357486d5}</UniqueIdentifier>
    </Filter>
    <Filter Include="Source Files\factories\entities">
      <UniqueIdentifier>{fd49f2e5-0062-46a4-b89a-f34a09a2249a}</UniqueIdentifier>
    </Filter>
    <Filter Include="Header Files\factories\entities">
      <UniqueIdentifier>{7ea2d7cc-3b18-41e1-82b6-a1394e7535af}</UniqueIdentifier>
    </Filter>
    <Filter Include="Source Files\resources">
      <UniqueIdentifier>{c685aa57-778d-491e-b616-951d99ebf5fd}</UniqueIdentifier>
    </Filter>
    <Filter Include="Header Files\resources">
      <UniqueIdentifier>{5f18330a-3b16-4b76-911f-b709888b2664}</UniqueIdentifier>
    </Filter>
    <Filter Include="Header Files\visitors">
      <UniqueIdentifier>{7459f996-b6b9-479f-aa5b-857585a8e495}</UniqueIdentifier>
    </Filter>
    <Filter Include="Source Files\visitors">
      <UniqueIdentifier>{f590c2a4-d699-4c25-9b67-895b16d093c2}</UniqueIdentifier>
    </Filter>
    <Filter Include="Header Files\parameters">
      <UniqueIdentifier>{718bef72-4331-4e29-b734-e74d02fda77b}</UniqueIdentifier>
    </Filter>
    <Filter Include="Source Files\parameters">
      <UniqueIdentifier>{25fdef00-7d3b-47d0-b5cd-69457666f098}</UniqueIdentifier>
    </Filter>
    <Filter Include="Header Files\network">
      <UniqueIdentifier>{34760c53-e809-4233-9e91-9893618a9ccf}</UniqueIdentifier>
    </Filter>
    <Filter Include="Source Files\network">
      <UniqueIdentifier>{59a49709-f915-445e-b7e8-2b7f8c948c58}</UniqueIdentifier>
    </Filter>
    <Filter Include="Header Files\commands\buttons">
      <UniqueIdentifier>{f566a9b1-d7b9-4b38-a6bd-9e8aee0d153a}</UniqueIdentifier>
    </Filter>
    <Filter Include="Source Files\commands\buttons">
      <UniqueIdentifier>{c4b7f7c6-43ce-4673-bc81-678582ad2b41}</UniqueIdentifier>
    </Filter>
    <Filter Include="Header Files\factories\entities\modals">
      <UniqueIdentifier>{c9601d22-0d1f-49dc-b8f7-68354b669c4a}</UniqueIdentifier>
    </Filter>
    <Filter Include="Source Files\factories\entities\modals">
      <UniqueIdentifier>{49672854-bcda-4d10-86c5-2965a5710f83}</UniqueIdentifier>
    </Filter>
    <Filter Include="Resource Files">
      <UniqueIdentifier>{67DA6AB6-F800-4c08-8B7A-83BB121AAD01}</UniqueIdentifier>
      <Extensions>rc;ico;cur;bmp;dlg;rc2;rct;bin;rgs;gif;jpg;jpeg;jpe;resx;tiff;tif;png;wav;mfcribbon-ms</Extensions>
    </Filter>
    <Filter Include="Resource Files\Animations">
      <UniqueIdentifier>{062b658f-59f1-44ad-8665-8f2a693ac7ac}</UniqueIdentifier>
    </Filter>
  </ItemGroup>
  <ItemGroup>
    <ClCompile Include="src\main.cpp">
      <Filter>Source Files</Filter>
    </ClCompile>
    <ClCompile Include="src\stdafx.cpp">
      <Filter>Source Files</Filter>
    </ClCompile>
    <ClCompile Include="src\Game.cpp">
      <Filter>Source Files</Filter>
    </ClCompile>
    <ClCompile Include="src\input\Mousehandler.cpp">
      <Filter>Source Files\input</Filter>
    </ClCompile>
    <ClCompile Include="src\input\Keyhandler.cpp">
      <Filter>Source Files\input</Filter>
    </ClCompile>
    <ClCompile Include="src\math\Math.cpp">
      <Filter>Source Files\math</Filter>
    </ClCompile>
    <ClCompile Include="src\math\Vector2.cpp">
      <Filter>Source Files\math</Filter>
    </ClCompile>
    <ClCompile Include="src\utilities\cute_c2.cpp">
      <Filter>Source Files\utilities</Filter>
    </ClCompile>
    <ClCompile Include="src\utilities\Time.cpp">
      <Filter>Source Files\utilities</Filter>
    </ClCompile>
    <ClCompile Include="src\graphics\Window.cpp">
      <Filter>Source Files\graphics</Filter>
    </ClCompile>
    <ClCompile Include="src\deleters\SdlDeleter.cpp">
      <Filter>Source Files\deleters</Filter>
    </ClCompile>
    <ClCompile Include="src\graphics\Texture.cpp">
      <Filter>Source Files\graphics</Filter>
    </ClCompile>
    <ClCompile Include="src\graphics\RenderRect.cpp">
      <Filter>Source Files\graphics</Filter>
    </ClCompile>
    <ClCompile Include="src\input\Controllerhandler.cpp">
      <Filter>Source Files\input</Filter>
    </ClCompile>
    <ClCompile Include="src\systems\BaseSystem.cpp">
      <Filter>Source Files\systems</Filter>
    </ClCompile>
    <ClCompile Include="src\systems\MotionSystem.cpp">
      <Filter>Source Files\systems</Filter>
    </ClCompile>
    <ClCompile Include="src\systems\RenderSystem.cpp">
      <Filter>Source Files\systems</Filter>
    </ClCompile>
    <ClCompile Include="src\components\Dimensions.cpp">
      <Filter>Source Files\components</Filter>
    </ClCompile>
    <ClCompile Include="src\components\Location.cpp">
      <Filter>Source Files\components</Filter>
    </ClCompile>
    <ClCompile Include="src\components\Motion.cpp">
      <Filter>Source Files\components</Filter>
    </ClCompile>
    <ClCompile Include="src\components\Render.cpp">
      <Filter>Source Files\components</Filter>
    </ClCompile>
    <ClCompile Include="src\factories\EntityFactory.cpp">
      <Filter>Source Files\factories</Filter>
    </ClCompile>
    <ClCompile Include="src\math\Rect.cpp">
      <Filter>Source Files\math</Filter>
    </ClCompile>
    <ClCompile Include="src\systems\AnimatorSystem.cpp">
      <Filter>Source Files\systems</Filter>
    </ClCompile>
    <ClCompile Include="src\components\Animator.cpp">
      <Filter>Source Files\components</Filter>
    </ClCompile>
    <ClCompile Include="src\systems\InputSystem.cpp">
      <Filter>Source Files\systems</Filter>
    </ClCompile>
    <ClCompile Include="src\components\Input.cpp">
      <Filter>Source Files\components</Filter>
    </ClCompile>
    <ClCompile Include="src\commands\BaseCommand.cpp">
      <Filter>Source Files\commands</Filter>
    </ClCompile>
    <ClCompile Include="src\commands\MoveCommand.cpp">
      <Filter>Source Files\commands</Filter>
    </ClCompile>
    <ClCompile Include="src\components\Commandable.cpp">
      <Filter>Source Files\components</Filter>
    </ClCompile>
    <ClCompile Include="src\systems\CommandSystem.cpp">
      <Filter>Source Files\systems</Filter>
    </ClCompile>
    <ClCompile Include="src\commands\JumpCommand.cpp">
      <Filter>Source Files\commands</Filter>
    </ClCompile>
    <ClCompile Include="src\components\AirMotion.cpp">
      <Filter>Source Files\components</Filter>
    </ClCompile>
    <ClCompile Include="src\systems\AirMotionSystem.cpp">
      <Filter>Source Files\systems</Filter>
    </ClCompile>
    <ClCompile Include="src\components\Camera.cpp">
      <Filter>Source Files\components</Filter>
    </ClCompile>
    <ClCompile Include="src\graphics\View.cpp">
      <Filter>Source Files\graphics</Filter>
    </ClCompile>
    <ClCompile Include="src\systems\CameraSystem.cpp">
      <Filter>Source Files\systems</Filter>
    </ClCompile>
    <ClCompile Include="src\fsm\BaseState.cpp">
      <Filter>Source Files\fsm</Filter>
    </ClCompile>
    <ClCompile Include="src\fsm\BaseStateMachine.cpp">
      <Filter>Source Files\fsm</Filter>
    </ClCompile>
    <ClCompile Include="src\fsm\states\EntityState.cpp">
      <Filter>Source Files\fsm\states</Filter>
    </ClCompile>
    <ClCompile Include="src\fsm\states\AnimationState.cpp">
      <Filter>Source Files\fsm\states</Filter>
    </ClCompile>
    <ClCompile Include="src\components\StateMachine.cpp">
      <Filter>Source Files\components</Filter>
    </ClCompile>
    <ClCompile Include="src\systems\StateMachineSystem.cpp">
      <Filter>Source Files\systems</Filter>
    </ClCompile>
    <ClCompile Include="src\components\Collision.cpp">
      <Filter>Source Files\components</Filter>
    </ClCompile>
    <ClCompile Include="src\systems\CollisionSystem.cpp">
      <Filter>Source Files\systems</Filter>
    </ClCompile>
    <ClCompile Include="src\systems\DashSystem.cpp">
      <Filter>Source Files\systems</Filter>
    </ClCompile>
    <ClCompile Include="src\components\Dash.cpp">
      <Filter>Source Files\components</Filter>
    </ClCompile>
    <ClCompile Include="src\commands\DashCommand.cpp">
      <Filter>Source Files\commands</Filter>
    </ClCompile>
    <ClCompile Include="src\scenes\SceneManager.cpp">
      <Filter>Source Files\scenes</Filter>
    </ClCompile>
    <ClCompile Include="src\scenes\BaseScene.cpp">
      <Filter>Source Files\scenes</Filter>
    </ClCompile>
    <ClCompile Include="src\scenes\SplashScene.cpp">
      <Filter>Source Files\scenes</Filter>
    </ClCompile>
    <ClCompile Include="src\factories\BaseFactory.cpp">
      <Filter>Source Files\factories</Filter>
    </ClCompile>
    <ClCompile Include="src\factories\EntitiesFactory.cpp">
      <Filter>Source Files\factories</Filter>
    </ClCompile>
    <ClCompile Include="src\factories\scenes\SplashSceneFactory.cpp">
      <Filter>Source Files\factories\scenes</Filter>
    </ClCompile>
    <ClCompile Include="src\singletons\WindowSingleton.cpp">
      <Filter>Source Files\singletons</Filter>
    </ClCompile>
    <ClCompile Include="src\singletons\RegistrySingleton.cpp">
      <Filter>Source Files\singletons</Filter>
    </ClCompile>
    <ClCompile Include="src\singletons\MouseHandlerSingleton.cpp">
      <Filter>Source Files\singletons</Filter>
    </ClCompile>
    <ClCompile Include="src\singletons\KeyHandlerSingleton.cpp">
      <Filter>Source Files\singletons</Filter>
    </ClCompile>
    <ClCompile Include="src\singletons\ControllerHandlerSingleton.cpp">
      <Filter>Source Files\singletons</Filter>
    </ClCompile>
    <ClCompile Include="src\utilities\makers.cpp">
      <Filter>Source Files\utilities</Filter>
    </ClCompile>
    <ClCompile Include="src\factories\entities\CameraFactory.cpp">
      <Filter>Source Files\factories\entities</Filter>
    </ClCompile>
    <ClCompile Include="src\factories\entities\PlayerFactory.cpp">
      <Filter>Source Files\factories\entities</Filter>
    </ClCompile>
    <ClCompile Include="src\commands\FaceLeftCommand.cpp">
      <Filter>Source Files\commands</Filter>
    </ClCompile>
    <ClCompile Include="src\commands\FaceRightCommand.cpp">
      <Filter>Source Files\commands</Filter>
    </ClCompile>
    <ClCompile Include="src\scenes\MainMenuScene.cpp">
      <Filter>Source Files\scenes</Filter>
    </ClCompile>
    <ClCompile Include="src\factories\scenes\MainMenuSceneFactory.cpp">
      <Filter>Source Files\factories\scenes</Filter>
    </ClCompile>
    <ClCompile Include="src\factories\scenes\CreditsSceneFactory.cpp">
      <Filter>Source Files\factories\scenes</Filter>
    </ClCompile>
    <ClCompile Include="src\scenes\CreditsScene.cpp">
      <Filter>Source Files\scenes</Filter>
    </ClCompile>
    <ClCompile Include="src\factories\scenes\CharacterSelectSceneFactory.cpp">
      <Filter>Source Files\factories\scenes</Filter>
    </ClCompile>
    <ClCompile Include="src\scenes\CharacterSelectScene.cpp">
      <Filter>Source Files\scenes</Filter>
    </ClCompile>
    <ClCompile Include="src\factories\scenes\LevelSelectSceneFactory.cpp">
      <Filter>Source Files\factories\scenes</Filter>
    </ClCompile>
    <ClCompile Include="src\scenes\LevelScene.cpp">
      <Filter>Source Files\scenes</Filter>
    </ClCompile>
    <ClCompile Include="src\scenes\LevelSelectScene.cpp">
      <Filter>Source Files\scenes</Filter>
    </ClCompile>
    <ClCompile Include="src\factories\scenes\LevelSceneFactory.cpp">
      <Filter>Source Files\factories\scenes</Filter>
    </ClCompile>
    <ClCompile Include="src\factories\scenes\LobbySelectSceneFactory.cpp">
      <Filter>Source Files\factories\scenes</Filter>
    </ClCompile>
    <ClCompile Include="src\scenes\LobbySelectScene.cpp">
      <Filter>Source Files\scenes</Filter>
    </ClCompile>
    <ClCompile Include="src\scenes\LobbyScene.cpp">
      <Filter>Source Files\scenes</Filter>
    </ClCompile>
    <ClCompile Include="src\factories\scenes\LobbySceneFactory.cpp">
      <Filter>Source Files\factories\scenes</Filter>
    </ClCompile>
    <ClCompile Include="src\scenes\MultiplayerLevelScene.cpp">
      <Filter>Source Files\scenes</Filter>
    </ClCompile>
    <ClCompile Include="src\factories\scenes\MultiplayerLevelSceneFactory.cpp">
      <Filter>Source Files\factories\scenes</Filter>
    </ClCompile>
    <ClCompile Include="src\scenes\TutorialLevelScene.cpp">
      <Filter>Source Files\scenes</Filter>
    </ClCompile>
    <ClCompile Include="src\factories\scenes\TutorialLevelSceneFactory.cpp">
      <Filter>Source Files\factories\scenes</Filter>
    </ClCompile>
    <ClCompile Include="src\systems\DebugSystem.cpp">
      <Filter>Source Files\systems</Filter>
    </ClCompile>
    <ClCompile Include="src\resources\ResourceLoader.cpp">
      <Filter>Source Files\resources</Filter>
    </ClCompile>
    <ClCompile Include="src\resources\ResourceHandler.cpp">
      <Filter>Source Files\resources</Filter>
    </ClCompile>
    <ClCompile Include="src\resources\ResourceManager.cpp">
      <Filter>Source Files\resources</Filter>
    </ClCompile>
    <ClCompile Include="src\singletons\ResourceManagerSingleton.cpp">
      <Filter>Source Files\singletons</Filter>
    </ClCompile>
    <ClCompile Include="src\resources\TextureKey.cpp">
      <Filter>Source Files\resources</Filter>
    </ClCompile>
    <ClCompile Include="src\resources\FontKey.cpp">
      <Filter>Source Files\resources</Filter>
    </ClCompile>
    <ClCompile Include="src\resources\AudioKey.cpp">
      <Filter>Source Files\resources</Filter>
    </ClCompile>
    <ClCompile Include="src\visitors\CollisionUpdateVisitor.cpp">
      <Filter>Source Files\visitors</Filter>
    </ClCompile>
    <ClCompile Include="src\visitors\CollisionAabbBoolVisitor.cpp">
      <Filter>Source Files\visitors</Filter>
    </ClCompile>
    <ClCompile Include="src\visitors\CollisionAabbManiVisitor.cpp">
      <Filter>Source Files\visitors</Filter>
    </ClCompile>
    <ClCompile Include="src\visitors\CollisionBoundsBoolVisitor.cpp">
      <Filter>Source Files\visitors</Filter>
    </ClCompile>
    <ClCompile Include="src\visitors\CollisionBoundsManiVisitor.cpp">
      <Filter>Source Files\visitors</Filter>
    </ClCompile>
    <ClCompile Include="src\visitors\CollisionCircleBoolVisitor.cpp">
      <Filter>Source Files\visitors</Filter>
    </ClCompile>
    <ClCompile Include="src\visitors\CollisionCircleManiVisitor.cpp">
      <Filter>Source Files\visitors</Filter>
    </ClCompile>
    <ClCompile Include="src\parameters\CameraParameters.cpp">
      <Filter>Source Files\parameters</Filter>
    </ClCompile>
    <ClCompile Include="src\factories\entities\EnemyFactory.cpp">
      <Filter>Source Files\factories\entities</Filter>
    </ClCompile>
    <ClCompile Include="src\graphics\Font.cpp">
      <Filter>Source Files\graphics</Filter>
    </ClCompile>
    <ClCompile Include="src\deleters\SdlTtfDeleter.cpp">
      <Filter>Source Files\deleters</Filter>
    </ClCompile>
    <ClCompile Include="src\graphics\RenderText.cpp">
      <Filter>Source Files\graphics</Filter>
    </ClCompile>
    <ClCompile Include="src\components\Text.cpp">
      <Filter>Source Files\components</Filter>
    </ClCompile>
    <ClCompile Include="src\factories\entities\TextFactory.cpp">
      <Filter>Source Files\factories\entities</Filter>
    </ClCompile>
    <ClCompile Include="src\components\Health.cpp">
      <Filter>Source Files\components</Filter>
    </ClCompile>
    <ClCompile Include="src\components\Damage.cpp">
      <Filter>Source Files\components</Filter>
    </ClCompile>
    <ClCompile Include="src\systems\HealthSystem.cpp">
      <Filter>Source Files\systems</Filter>
    </ClCompile>
    <ClCompile Include="src\components\Platform.cpp">
      <Filter>Source Files\components</Filter>
    </ClCompile>
    <ClCompile Include="src\components\Impenetrable.cpp">
      <Filter>Source Files\components</Filter>
    </ClCompile>
    <ClCompile Include="src\components\CurrentGround.cpp">
      <Filter>Source Files\components</Filter>
    </ClCompile>
    <ClCompile Include="src\scenes\SceneType.cpp">
      <Filter>Source Files\scenes</Filter>
    </ClCompile>
    <ClCompile Include="src\singletons\ClientSingleton.cpp">
      <Filter>Source Files\singletons</Filter>
    </ClCompile>
    <ClCompile Include="src\systems\CurrentGroundSystem.cpp">
      <Filter>Source Files\systems</Filter>
    </ClCompile>
    <ClCompile Include="src\components\Enemy.cpp">
      <Filter>Source Files\components</Filter>
    </ClCompile>
    <ClCompile Include="src\commands\DropCommand.cpp">
      <Filter>Source Files\commands</Filter>
    </ClCompile>
    <ClCompile Include="src\components\PlatformDrop.cpp">
      <Filter>Source Files\components</Filter>
    </ClCompile>
    <ClCompile Include="src\components\Node.cpp">
      <Filter>Source Files\components</Filter>
    </ClCompile>
    <ClCompile Include="src\components\AI.cpp">
      <Filter>Source Files\components</Filter>
    </ClCompile>
    <ClCompile Include="src\factories\AIFactory.cpp">
      <Filter>Source Files\factories</Filter>
    </ClCompile>
    <ClCompile Include="src\factories\HazardFactory.cpp">
      <Filter>Source Files\factories\entities</Filter>
    </ClCompile>
    <ClCompile Include="src\factories\PlatformFactory.cpp">
      <Filter>Source Files\factories\entities</Filter>
    </ClCompile>
    <ClCompile Include="src\factories\WallFactory.cpp">
      <Filter>Source Files\factories\entities</Filter>
    </ClCompile>
    <ClCompile Include="src\factories\LevelFactory.cpp">
      <Filter>Source Files\factories\entities</Filter>
    </ClCompile>
    <ClCompile Include="src\graphics\AudioBufferMusic.cpp">
      <Filter>Source Files\graphics</Filter>
    </ClCompile>
    <ClCompile Include="src\graphics\AudioBufferSFX.cpp">
      <Filter>Source Files\graphics</Filter>
    </ClCompile>
    <ClCompile Include="src\systems\NetworkSystem.cpp">
      <Filter>Source Files\systems</Filter>
    </ClCompile>
    <ClCompile Include="src\components\Presseable.cpp">
      <Filter>Source Files\components</Filter>
    </ClCompile>
    <ClCompile Include="src\factories\entities\ButtonFactory.cpp">
      <Filter>Source Files\factories\entities</Filter>
    </ClCompile>
    <ClCompile Include="src\utilities\variant.cpp">
      <Filter>Source Files\utilities</Filter>
    </ClCompile>
    <ClCompile Include="src\parameters\ButtonFactoryParameters.cpp">
      <Filter>Source Files\parameters</Filter>
    </ClCompile>
    <ClCompile Include="src\commands\TestCommand.cpp">
      <Filter>Source Files\commands</Filter>
    </ClCompile>
    <ClCompile Include="src\systems\ButtonSystem.cpp">
      <Filter>Source Files\systems</Filter>
    </ClCompile>
    <ClCompile Include="src\network\Client.cpp">
      <Filter>Source Files\network</Filter>
    </ClCompile>
    <ClCompile Include="..\ArgoShared\src\shared\utilities\Console.cpp">
      <Filter>Source Files\utilities</Filter>
    </ClCompile>
    <ClCompile Include="..\ArgoShared\src\shared\network\Lobby.cpp">
      <Filter>Source Files\network</Filter>
    </ClCompile>
    <ClCompile Include="..\ArgoShared\src\shared\network\PacketType.cpp">
      <Filter>Source Files\network</Filter>
    </ClCompile>
    <ClCompile Include="src\components\Modal.cpp">
      <Filter>Source Files\components</Filter>
    </ClCompile>
    <ClCompile Include="src\factories\entities\modals\AskNameFactory.cpp">
      <Filter>Source Files\factories\entities\modals</Filter>
    </ClCompile>
    <ClCompile Include="src\components\Destroy.cpp">
      <Filter>Source Files\components</Filter>
    </ClCompile>
    <ClCompile Include="src\components\Widget.cpp">
      <Filter>Source Files\components</Filter>
    </ClCompile>
    <ClCompile Include="src\systems\WidgetNavigationSystem.cpp">
      <Filter>Source Files\systems</Filter>
    </ClCompile>
    <ClCompile Include="src\systems\DestroySystem.cpp">
      <Filter>Source Files\systems</Filter>
    </ClCompile>
    <ClCompile Include="src\components\Layer.cpp">
      <Filter>Source Files\components</Filter>
    </ClCompile>
    <ClCompile Include="src\commands\buttons\ButtonMainMenuMultiplayerConnectCancelCommand.cpp">
      <Filter>Source Files\commands\buttons</Filter>
    </ClCompile>
    <ClCompile Include="src\commands\buttons\ButtonMainMenuMultiplayerConnectCommand.cpp">
      <Filter>Source Files\commands\buttons</Filter>
    </ClCompile>
    <ClCompile Include="src\commands\buttons\ButtonMainMenuMultiplayerConnectConfirmCommand.cpp">
      <Filter>Source Files\commands\buttons</Filter>
    </ClCompile>
    <ClCompile Include="src\commands\buttons\BaseMultiplayerCommand.cpp">
      <Filter>Source Files\commands\buttons</Filter>
    </ClCompile>
    <ClCompile Include="src\commands\buttons\ButtonLobbySelectRefreshCommand.cpp">
      <Filter>Source Files\commands\buttons</Filter>
    </ClCompile>
    <ClCompile Include="src\factories\entities\LobbyDisplayFactory.cpp">
      <Filter>Source Files\factories\entities</Filter>
    </ClCompile>
    <ClCompile Include="src\factories\entities\ImageFactory.cpp">
      <Filter>Source Files\factories\entities</Filter>
    </ClCompile>
    <ClCompile Include="src\commands\buttons\ButtonLobbySelectCreateLobbyCommand.cpp">
      <Filter>Source Files\commands\buttons</Filter>
    </ClCompile>
    <ClCompile Include="src\systems\AISystem.cpp">
      <Filter>Source Files\systems</Filter>
    </ClCompile>
    <ClCompile Include="src\components\Dashable.cpp">
      <Filter>Source Files\components</Filter>
    </ClCompile>
    <ClCompile Include="src\components\DoubleJump.cpp">
      <Filter>Source Files\components</Filter>
    </ClCompile>
    <ClCompile Include="src\factories\NodeFactory.cpp">
      <Filter>Source Files\factories\entities</Filter>
    </ClCompile>
    <ClCompile Include="src\components\Goal.cpp">
      <Filter>Source Files\components</Filter>
    </ClCompile>
    <ClCompile Include="src\factories\entities\GoalFactory.cpp">
      <Filter>Source Files\factories\entities</Filter>
    </ClCompile>
    <ClCompile Include="src\graphics\AudioPlayer.cpp">
      <Filter>Source Files\graphics</Filter>
    </ClCompile>
    <ClCompile Include="src\singletons\AudioPlayerSingleton.cpp">
      <Filter>Source Files\singletons</Filter>
    </ClCompile>
    <ClCompile Include="src\factories\SceneFactory.cpp">
      <Filter>Source Files\factories</Filter>
    </ClCompile>
    <ClCompile Include="src\components\Destructible.cpp">
      <Filter>Source Files\components</Filter>
    </ClCompile>
    <ClCompile Include="src\parameters\DestructibleParameters.cpp">
      <Filter>Source Files\parameters</Filter>
    </ClCompile>
    <ClCompile Include="src\factories\DestructibleBlockFactory.cpp">
      <Filter>Source Files\factories\entities</Filter>
    </ClCompile>
    <ClCompile Include="src\factories\FacadeFactory.cpp">
      <Filter>Source Files\factories\entities</Filter>
    </ClCompile>
    <ClCompile Include="src\graphics\WindowParameters.cpp">
      <Filter>Source Files\parameters</Filter>
    </ClCompile>
  </ItemGroup>
  <ItemGroup>
    <ClInclude Include="src\stdafx.h">
      <Filter>Header Files</Filter>
    </ClInclude>
    <ClInclude Include="src\Game.h">
      <Filter>Header Files</Filter>
    </ClInclude>
    <ClInclude Include="src\input\Keyhandler.h">
      <Filter>Header Files\input</Filter>
    </ClInclude>
    <ClInclude Include="src\input\Mousehandler.h">
      <Filter>Header Files\input</Filter>
    </ClInclude>
    <ClInclude Include="src\math\Vector2.h">
      <Filter>Header Files\math</Filter>
    </ClInclude>
    <ClInclude Include="src\math\Math.h">
      <Filter>Header Files\math</Filter>
    </ClInclude>
    <ClInclude Include="src\utilities\Time.h">
      <Filter>Header Files\utilities</Filter>
    </ClInclude>
    <ClInclude Include="src\utilities\cute_c2.h">
      <Filter>Header Files\utilities</Filter>
    </ClInclude>
    <ClInclude Include="src\graphics\Window.h">
      <Filter>Header Files\graphics</Filter>
    </ClInclude>
    <ClInclude Include="src\deleters\SdlDeleter.h">
      <Filter>Header Files\deleters</Filter>
    </ClInclude>
    <ClInclude Include="src\graphics\WindowParameters.h">
      <Filter>Header Files\graphics</Filter>
    </ClInclude>
    <ClInclude Include="src\graphics\Texture.h">
      <Filter>Header Files\graphics</Filter>
    </ClInclude>
    <ClInclude Include="src\graphics\RenderRect.h">
      <Filter>Header Files\graphics</Filter>
    </ClInclude>
    <ClInclude Include="src\input\Controllerhandler.h">
      <Filter>Header Files\input</Filter>
    </ClInclude>
    <ClInclude Include="src\systems\BaseSystem.h">
      <Filter>Header Files\systems</Filter>
    </ClInclude>
    <ClInclude Include="src\systems\MotionSystem.h">
      <Filter>Header Files\systems</Filter>
    </ClInclude>
    <ClInclude Include="src\systems\RenderSystem.h">
      <Filter>Header Files\systems</Filter>
    </ClInclude>
    <ClInclude Include="src\components\Dimensions.h">
      <Filter>Header Files\components</Filter>
    </ClInclude>
    <ClInclude Include="src\components\Location.h">
      <Filter>Header Files\components</Filter>
    </ClInclude>
    <ClInclude Include="src\components\Motion.h">
      <Filter>Header Files\components</Filter>
    </ClInclude>
    <ClInclude Include="src\components\Render.h">
      <Filter>Header Files\components</Filter>
    </ClInclude>
    <ClInclude Include="src\factories\EntityFactory.h">
      <Filter>Header Files\factories</Filter>
    </ClInclude>
    <ClInclude Include="src\math\Rect.h">
      <Filter>Header Files\math</Filter>
    </ClInclude>
    <ClInclude Include="src\components\Animator.h">
      <Filter>Header Files\components</Filter>
    </ClInclude>
    <ClInclude Include="src\systems\AnimatorSystem.h">
      <Filter>Header Files\systems</Filter>
    </ClInclude>
    <ClInclude Include="src\fsm\BaseStateMachine.h">
      <Filter>Header Files\fsm</Filter>
    </ClInclude>
    <ClInclude Include="src\fsm\BaseState.h">
      <Filter>Header Files\fsm</Filter>
    </ClInclude>
    <ClInclude Include="src\fsm\states\EntityState.h">
      <Filter>Header Files\fsm\states</Filter>
    </ClInclude>
    <ClInclude Include="src\fsm\states\AnimationState.h">
      <Filter>Header Files\fsm\states</Filter>
    </ClInclude>
    <ClInclude Include="src\components\StateMachine.h">
      <Filter>Header Files\components</Filter>
    </ClInclude>
    <ClInclude Include="src\components\Camera.h">
      <Filter>Header Files\components</Filter>
    </ClInclude>
    <ClInclude Include="src\systems\InputSystem.h">
      <Filter>Header Files\systems</Filter>
    </ClInclude>
    <ClInclude Include="src\components\Input.h">
      <Filter>Header Files\components</Filter>
    </ClInclude>
    <ClInclude Include="src\commands\BaseCommand.h">
      <Filter>Header Files\commands</Filter>
    </ClInclude>
    <ClInclude Include="src\commands\MoveCommand.h">
      <Filter>Header Files\commands</Filter>
    </ClInclude>
    <ClInclude Include="src\components\Commandable.h">
      <Filter>Header Files\components</Filter>
    </ClInclude>
    <ClInclude Include="src\systems\CommandSystem.h">
      <Filter>Header Files\systems</Filter>
    </ClInclude>
    <ClInclude Include="src\components\AirMotion.h">
      <Filter>Header Files\components</Filter>
    </ClInclude>
    <ClInclude Include="src\commands\JumpCommand.h">
      <Filter>Header Files\commands</Filter>
    </ClInclude>
    <ClInclude Include="src\systems\AirMotionSystem.h">
      <Filter>Header Files\systems</Filter>
    </ClInclude>
    <ClInclude Include="src\graphics\View.h">
      <Filter>Header Files\graphics</Filter>
    </ClInclude>
    <ClInclude Include="src\systems\CameraSystem.h">
      <Filter>Header Files\systems</Filter>
    </ClInclude>
    <ClInclude Include="src\systems\StateMachineSystem.h">
      <Filter>Header Files\systems</Filter>
    </ClInclude>
    <ClInclude Include="src\components\Collision.h">
      <Filter>Header Files\components</Filter>
    </ClInclude>
    <ClInclude Include="src\systems\CollisionSystem.h">
      <Filter>Header Files\systems</Filter>
    </ClInclude>
    <ClInclude Include="src\systems\DashSystem.h">
      <Filter>Header Files\systems</Filter>
    </ClInclude>
    <ClInclude Include="src\components\Dash.h">
      <Filter>Header Files\components</Filter>
    </ClInclude>
    <ClInclude Include="src\commands\DashCommand.h">
      <Filter>Header Files\commands</Filter>
    </ClInclude>
    <ClInclude Include="src\scenes\SceneManager.h">
      <Filter>Header Files\scenes</Filter>
    </ClInclude>
    <ClInclude Include="src\scenes\BaseScene.h">
      <Filter>Header Files\scenes</Filter>
    </ClInclude>
    <ClInclude Include="src\scenes\SplashScene.h">
      <Filter>Header Files\scenes</Filter>
    </ClInclude>
    <ClInclude Include="src\factories\BaseFactory.h">
      <Filter>Header Files\factories</Filter>
    </ClInclude>
    <ClInclude Include="src\factories\EntitiesFactory.h">
      <Filter>Header Files\factories</Filter>
    </ClInclude>
    <ClInclude Include="src\factories\scenes\SplashSceneFactory.h">
      <Filter>Header Files\factories\scenes</Filter>
    </ClInclude>
    <ClInclude Include="src\singletons\WindowSingleton.h">
      <Filter>Header Files\singletons</Filter>
    </ClInclude>
    <ClInclude Include="src\singletons\RegistrySingleton.h">
      <Filter>Header Files\singletons</Filter>
    </ClInclude>
    <ClInclude Include="src\singletons\MouseHandlerSingleton.h">
      <Filter>Header Files\singletons</Filter>
    </ClInclude>
    <ClInclude Include="src\singletons\KeyHandlerSingleton.h">
      <Filter>Header Files\singletons</Filter>
    </ClInclude>
    <ClInclude Include="src\singletons\ControllerHandlerSingleton.h">
      <Filter>Header Files\singletons</Filter>
    </ClInclude>
    <ClInclude Include="src\utilities\makers.h">
      <Filter>Header Files\utilities</Filter>
    </ClInclude>
    <ClInclude Include="src\factories\entities\CameraFactory.h">
      <Filter>Header Files\factories\entities</Filter>
    </ClInclude>
    <ClInclude Include="src\factories\entities\PlayerFactory.h">
      <Filter>Header Files\factories\entities</Filter>
    </ClInclude>
    <ClInclude Include="src\commands\FaceLeftCommand.h">
      <Filter>Header Files\commands</Filter>
    </ClInclude>
    <ClInclude Include="src\commands\FaceRightCommand.h">
      <Filter>Header Files\commands</Filter>
    </ClInclude>
    <ClInclude Include="src\factories\LevelFactory.h">
      <Filter>Header Files\factories\entities</Filter>
    </ClInclude>
    <ClInclude Include="src\factories\WallFactory.h">
      <Filter>Header Files\factories\entities</Filter>
    </ClInclude>
    <ClInclude Include="src\scenes\MainMenuScene.h">
      <Filter>Header Files\scenes</Filter>
    </ClInclude>
    <ClInclude Include="src\factories\scenes\MainMenuSceneFactory.h">
      <Filter>Header Files\factories\scenes</Filter>
    </ClInclude>
    <ClInclude Include="src\scenes\CreditsScene.h">
      <Filter>Header Files\scenes</Filter>
    </ClInclude>
    <ClInclude Include="src\factories\scenes\CreditsSceneFactory.h">
      <Filter>Header Files\factories\scenes</Filter>
    </ClInclude>
    <ClInclude Include="src\scenes\CharacterSelectScene.h">
      <Filter>Header Files\scenes</Filter>
    </ClInclude>
    <ClInclude Include="src\factories\scenes\CharacterSelectSceneFactory.h">
      <Filter>Header Files\factories\scenes</Filter>
    </ClInclude>
    <ClInclude Include="src\scenes\LevelScene.h">
      <Filter>Header Files\scenes</Filter>
    </ClInclude>
    <ClInclude Include="src\scenes\LevelSelectScene.h">
      <Filter>Header Files\scenes</Filter>
    </ClInclude>
    <ClInclude Include="src\factories\scenes\LevelSceneFactory.h">
      <Filter>Header Files\factories\scenes</Filter>
    </ClInclude>
    <ClInclude Include="src\factories\scenes\LobbySelectSceneFactory.h">
      <Filter>Header Files\factories\scenes</Filter>
    </ClInclude>
    <ClInclude Include="src\scenes\LobbySelectScene.h">
      <Filter>Header Files\scenes</Filter>
    </ClInclude>
    <ClInclude Include="src\factories\scenes\LobbySceneFactory.h">
      <Filter>Header Files\factories\scenes</Filter>
    </ClInclude>
    <ClInclude Include="src\scenes\LobbyScene.h">
      <Filter>Header Files\scenes</Filter>
    </ClInclude>
    <ClInclude Include="src\scenes\MultiplayerLevelScene.h">
      <Filter>Header Files\scenes</Filter>
    </ClInclude>
    <ClInclude Include="src\factories\scenes\MultiplayerLevelSceneFactory.h">
      <Filter>Header Files\factories\scenes</Filter>
    </ClInclude>
    <ClInclude Include="src\scenes\TutorialLevelScene.h">
      <Filter>Header Files\scenes</Filter>
    </ClInclude>
    <ClInclude Include="src\factories\scenes\TutorialLevelSceneFactory.h">
      <Filter>Header Files\factories\scenes</Filter>
    </ClInclude>
    <ClInclude Include="src\factories\scenes\LevelSelectSceneFactory.h">
      <Filter>Header Files\factories\scenes</Filter>
    </ClInclude>
    <ClInclude Include="src\systems\DebugSystem.h">
      <Filter>Header Files\systems</Filter>
    </ClInclude>
    <ClInclude Include="src\resources\ResourceLoader.h">
      <Filter>Header Files\resources</Filter>
    </ClInclude>
    <ClInclude Include="src\resources\ResourceHandler.h">
      <Filter>Header Files\resources</Filter>
    </ClInclude>
    <ClInclude Include="src\resources\ResourceManager.h">
      <Filter>Header Files\resources</Filter>
    </ClInclude>
    <ClInclude Include="src\singletons\ResourceManagerSingleton.h">
      <Filter>Header Files\singletons</Filter>
    </ClInclude>
    <ClInclude Include="src\resources\TextureKey.h">
      <Filter>Header Files\resources</Filter>
    </ClInclude>
    <ClInclude Include="src\resources\FontKey.h">
      <Filter>Header Files\resources</Filter>
    </ClInclude>
    <ClInclude Include="src\resources\AudioKey.h">
      <Filter>Header Files\resources</Filter>
    </ClInclude>
    <ClInclude Include="src\visitors\CollisionUpdateVisitor.h">
      <Filter>Header Files\visitors</Filter>
    </ClInclude>
    <ClInclude Include="src\visitors\CollisionAabbBoolVisitor.h">
      <Filter>Header Files\visitors</Filter>
    </ClInclude>
    <ClInclude Include="src\visitors\CollisionAabbManiVisitor.h">
      <Filter>Header Files\visitors</Filter>
    </ClInclude>
    <ClInclude Include="src\visitors\CollisionBoundsBoolVisitor.h">
      <Filter>Header Files\visitors</Filter>
    </ClInclude>
    <ClInclude Include="src\visitors\CollisionBoundsManiVisitor.h">
      <Filter>Header Files\visitors</Filter>
    </ClInclude>
    <ClInclude Include="src\visitors\CollisionCircleBoolVisitor.h">
      <Filter>Header Files\visitors</Filter>
    </ClInclude>
    <ClInclude Include="src\visitors\CollisionCircleManiVisitor.h">
      <Filter>Header Files\visitors</Filter>
    </ClInclude>
    <ClInclude Include="src\parameters\CameraParameters.h">
      <Filter>Header Files\parameters</Filter>
    </ClInclude>
    <ClInclude Include="src\factories\entities\EnemyFactory.h">
      <Filter>Header Files\factories\entities</Filter>
    </ClInclude>
    <ClInclude Include="src\graphics\Font.h">
      <Filter>Header Files\graphics</Filter>
    </ClInclude>
    <ClInclude Include="src\deleters\SdlTtfDeleter.h">
      <Filter>Header Files\deleters</Filter>
    </ClInclude>
    <ClInclude Include="src\graphics\RenderText.h">
      <Filter>Header Files\graphics</Filter>
    </ClInclude>
    <ClInclude Include="src\components\Text.h">
      <Filter>Header Files\components</Filter>
    </ClInclude>
    <ClInclude Include="src\factories\entities\TextFactory.h">
      <Filter>Header Files\factories\entities</Filter>
    </ClInclude>
    <ClInclude Include="src\components\Health.h">
      <Filter>Header Files\components</Filter>
    </ClInclude>
    <ClInclude Include="src\components\Damage.h">
      <Filter>Header Files\components</Filter>
    </ClInclude>
    <ClInclude Include="src\systems\HealthSystem.h">
      <Filter>Header Files\systems</Filter>
    </ClInclude>
    <ClInclude Include="src\components\Impenetrable.h">
      <Filter>Header Files\components</Filter>
    </ClInclude>
    <ClInclude Include="src\components\Platform.h">
      <Filter>Header Files\components</Filter>
    </ClInclude>
    <ClInclude Include="src\components\CurrentGround.h">
      <Filter>Header Files\components</Filter>
    </ClInclude>
    <ClInclude Include="src\scenes\SceneType.h">
      <Filter>Header Files\scenes</Filter>
    </ClInclude>
    <ClInclude Include="src\components\Enemy.h">
      <Filter>Header Files\components</Filter>
    </ClInclude>
    <ClInclude Include="src\singletons\ClientSingleton.h">
      <Filter>Header Files\singletons</Filter>
    </ClInclude>
    <ClInclude Include="src\commands\DropCommand.h">
      <Filter>Header Files\commands</Filter>
    </ClInclude>
    <ClInclude Include="src\components\PlatformDrop.h">
      <Filter>Header Files\components</Filter>
    </ClInclude>
    <ClInclude Include="src\components\AI.h">
      <Filter>Header Files\components</Filter>
    </ClInclude>
    <ClInclude Include="src\components\Node.h">
      <Filter>Header Files\components</Filter>
    </ClInclude>
    <ClInclude Include="src\systems\CurrentGroundSystem.h">
      <Filter>Header Files\systems</Filter>
    </ClInclude>
    <ClInclude Include="src\factories\HazardFactory.h">
      <Filter>Header Files\factories\entities</Filter>
    </ClInclude>
    <ClInclude Include="src\factories\PlatformFactory.h">
      <Filter>Header Files\factories\entities</Filter>
    </ClInclude>
    <ClInclude Include="src\graphics\AudioBufferMusic.h">
      <Filter>Header Files\graphics</Filter>
    </ClInclude>
    <ClInclude Include="src\graphics\AudioBufferSFX.h">
      <Filter>Header Files\graphics</Filter>
    </ClInclude>
    <ClInclude Include="src\systems\NetworkSystem.h">
      <Filter>Header Files\systems</Filter>
    </ClInclude>
    <ClInclude Include="src\components\Presseable.h">
      <Filter>Header Files\components</Filter>
    </ClInclude>
    <ClInclude Include="src\factories\entities\ButtonFactory.h">
      <Filter>Header Files\factories\entities</Filter>
    </ClInclude>
    <ClInclude Include="src\utilities\variant.h">
      <Filter>Header Files\utilities</Filter>
    </ClInclude>
    <ClInclude Include="src\parameters\ButtonFactoryParameters.h">
      <Filter>Header Files\parameters</Filter>
    </ClInclude>
    <ClInclude Include="src\commands\TestCommand.h">
      <Filter>Header Files\commands</Filter>
    </ClInclude>
    <ClInclude Include="src\systems\ButtonSystem.h">
      <Filter>Header Files\systems</Filter>
    </ClInclude>
    <ClInclude Include="src\network\Client.h">
      <Filter>Header Files\network</Filter>
    </ClInclude>
    <ClInclude Include="..\ArgoShared\src\shared\utilities\Console.h">
      <Filter>Header Files\utilities</Filter>
    </ClInclude>
    <ClInclude Include="..\ArgoShared\src\shared\network\Lobby.h">
      <Filter>Header Files\network</Filter>
    </ClInclude>
    <ClInclude Include="..\ArgoShared\src\shared\network\PacketType.h">
      <Filter>Header Files\network</Filter>
    </ClInclude>
    <ClInclude Include="src\components\Modal.h">
      <Filter>Header Files\components</Filter>
    </ClInclude>
    <ClInclude Include="src\factories\entities\modals\AskNameFactory.h">
      <Filter>Header Files\factories\entities\modals</Filter>
    </ClInclude>
    <ClInclude Include="src\components\Widget.h">
      <Filter>Header Files\components</Filter>
    </ClInclude>
    <ClInclude Include="src\systems\WidgetNavigationSystem.h">
      <Filter>Header Files\systems</Filter>
    </ClInclude>
    <ClInclude Include="src\components\Destroy.h">
      <Filter>Header Files\components</Filter>
    </ClInclude>
    <ClInclude Include="src\systems\DestroySystem.h">
      <Filter>Header Files\systems</Filter>
    </ClInclude>
    <ClInclude Include="src\components\Layer.h">
      <Filter>Header Files\components</Filter>
    </ClInclude>
    <ClInclude Include="src\commands\buttons\ButtonMainMenuMultiplayerConnectCancelCommand.h">
      <Filter>Header Files\commands\buttons</Filter>
    </ClInclude>
    <ClInclude Include="src\commands\buttons\ButtonMainMenuMultiplayerConnectCommand.h">
      <Filter>Header Files\commands\buttons</Filter>
    </ClInclude>
    <ClInclude Include="src\commands\buttons\ButtonMainMenuMultiplayerConnectConfirmCommand.h">
      <Filter>Header Files\commands\buttons</Filter>
    </ClInclude>
    <ClInclude Include="src\commands\buttons\BaseMultiplayerCommand.h">
      <Filter>Header Files\commands\buttons</Filter>
    </ClInclude>
    <ClInclude Include="src\commands\buttons\ButtonLobbySelectRefreshCommand.h">
      <Filter>Header Files\commands\buttons</Filter>
    </ClInclude>
    <ClInclude Include="src\factories\entities\LobbyDisplayFactory.h">
      <Filter>Header Files\factories\entities</Filter>
    </ClInclude>
    <ClInclude Include="src\factories\entities\ImageFactory.h">
      <Filter>Header Files\factories\entities</Filter>
    </ClInclude>
    <ClInclude Include="src\commands\buttons\ButtonLobbySelectCreateLobbyCommand.h">
      <Filter>Header Files\commands\buttons</Filter>
    </ClInclude>
    <ClInclude Include="src\systems\AISystem.h">
      <Filter>Header Files\systems</Filter>
    </ClInclude>
    <ClInclude Include="src\components\Dashable.h">
      <Filter>Header Files\components</Filter>
    </ClInclude>
    <ClInclude Include="src\components\DoubleJump.h">
      <Filter>Header Files\components</Filter>
    </ClInclude>
    <ClInclude Include="src\factories\NodeFactory.h">
      <Filter>Header Files\factories\entities</Filter>
    </ClInclude>
    <ClInclude Include="src\components\Goal.h">
      <Filter>Header Files\components</Filter>
    </ClInclude>
    <ClInclude Include="src\factories\entities\GoalFactory.h">
      <Filter>Header Files\factories\entities</Filter>
    </ClInclude>
    <ClInclude Include="src\factories\AIFactory.h">
      <Filter>Header Files\factories\entities</Filter>
    </ClInclude>
    <ClInclude Include="src\graphics\AudioPlayer.h">
      <Filter>Header Files\graphics</Filter>
    </ClInclude>
    <ClInclude Include="src\singletons\AudioPlayerSingleton.h">
      <Filter>Header Files\singletons</Filter>
    </ClInclude>
    <ClInclude Include="src\factories\SceneFactory.h">
      <Filter>Header Files\factories</Filter>
    </ClInclude>
    <ClInclude Include="src\components\Destructible.h">
      <Filter>Header Files\components</Filter>
    </ClInclude>
    <ClInclude Include="src\parameters\DestructibleParameters.h">
      <Filter>Header Files\parameters</Filter>
    </ClInclude>
    <ClInclude Include="src\factories\DestructibleBlockFactory.h">
      <Filter>Header Files\factories\entities</Filter>
    </ClInclude>
    <ClInclude Include="src\factories\FacadeFactory.h">
      <Filter>Header Files\factories\entities</Filter>
    </ClInclude>
  </ItemGroup>
  <ItemGroup>
    <None Include="res\.gitkeep">
      <Filter>Resource Files</Filter>
    </None>
  </ItemGroup>
  <ItemGroup>
    <Image Include="res\image.png">
      <Filter>Resource Files</Filter>
    </Image>
    <Image Include="res\Animations\test.png">
      <Filter>Resource Files\Animations</Filter>
    </Image>
  </ItemGroup>
</Project>